{
  "lockfileVersion": 1,
  "workspaces": {
    "": {
      "dependencies": {
        "uuid": "^9.0.1",
      },
    },
  },
  "packages": {
    "uuid": ["uuid@9.0.1", "", { "bin": { "uuid": "dist/bin/uuid" } }, "sha512-b+1eJOlsR9K8HJpow9Ok3fiWOWSIcIzXodvv0rQjVoOVNpWMpxf1wZNpt4y9h10odCNrqnYp1OBzRktckBe3sA=="],
  }
}
